Microsoft Visual Studio Solution File, Format Version 12.00
# Visual Studio Version 17
VisualStudioVersion = 17.5.2.0
MinimumVisualStudioVersion = 10.0.40219.1
Project("{FAE04EC0-301F-11D3-BF4B-00C04F79EFBC}") = "MeetingApp", "MeetingApp.csproj", "{0C01BFC5-9D61-3031-6B49-3EF75B104A21}"
EndProject
Global
	GlobalSection(SolutionConfigurationPlatforms) = preSolution
		Debug|Any CPU = Debug|Any CPU
		Release|Any CPU = Release|Any CPU
	EndGlobalSection
	GlobalSection(ProjectConfigurationPlatforms) = postSolution
		{0C01BFC5-9D61-3031-6B49-3EF75B104A21}.Debug|Any CPU.ActiveCfg = Debug|Any CPU
		{0C01BFC5-9D61-3031-6B49-3EF75B104A21}.Debug|Any CPU.Build.0 = Debug|Any CPU
		{0C01BFC5-9D61-3031-6B49-3EF75B104A21}.Release|Any CPU.ActiveCfg = Release|Any CPU
		{0C01BFC5-9D61-3031-6B49-3EF75B104A21}.Release|Any CPU.Build.0 = Release|Any CPU
	EndGlobalSection
	GlobalSection(SolutionProperties) = preSolution
		HideSolutionNode = FALSE
	EndGlobalSection
	GlobalSection(ExtensibilityGlobals) = postSolution
		SolutionGuid = {B3840A77-AF34-4325-9140-B9E2E847AACE}
	EndGlobalSection
EndGlobal
